
Microsoft Visual Studio Solution File, Format Version 12.00
# Visual Studio 2012
Project("{FAE04EC0-301F-11D3-BF4B-00C04F79EFBC}") = "AsyncPitfalls", "AsyncPitfalls\AsyncPitfalls.csproj", "{860DDF1C-F2CC-44D7-BEF0-73F954496CD9}"
EndProject
Global
	GlobalSection(SolutionConfigurationPlatforms) = preSolution
		Debug|iPhoneSimulator = Debug|iPhoneSimulator
		Release|iPhone = Release|iPhone
		Release|iPhoneSimulator = Release|iPhoneSimulator
		Debug|iPhone = Debug|iPhone
	EndGlobalSection
	GlobalSection(ProjectConfigurationPlatforms) = postSolution
		{860DDF1C-F2CC-44D7-BEF0-73F954496CD9}.Debug|iPhoneSimulator.ActiveCfg = Debug|iPhoneSimulator
		{860DDF1C-F2CC-44D7-BEF0-73F954496CD9}.Debug|iPhoneSimulator.Build.0 = Debug|iPhoneSimulator
		{860DDF1C-F2CC-44D7-BEF0-73F954496CD9}.Release|iPhone.ActiveCfg = Release|iPhone
		{860DDF1C-F2CC-44D7-BEF0-73F954496CD9}.Release|iPhone.Build.0 = Release|iPhone
		{860DDF1C-F2CC-44D7-BEF0-73F954496CD9}.Release|iPhoneSimulator.ActiveCfg = Release|iPhoneSimulator
		{860DDF1C-F2CC-44D7-BEF0-73F954496CD9}.Release|iPhoneSimulator.Build.0 = Release|iPhoneSimulator
		{860DDF1C-F2CC-44D7-BEF0-73F954496CD9}.Debug|iPhone.ActiveCfg = Debug|iPhone
		{860DDF1C-F2CC-44D7-BEF0-73F954496CD9}.Debug|iPhone.Build.0 = Debug|iPhone
	EndGlobalSection
EndGlobal
