
Microsoft Visual Studio Solution File, Format Version 12.00
# Visual Studio 14
VisualStudioVersion = 14.0.24720.0
MinimumVisualStudioVersion = 10.0.40219.1
Project("{FAE04EC0-301F-11D3-BF4B-00C04F79EFBC}") = "ConquerTheNetwork.Droid", "ConquerTheNetwork\ConquerTheNetwork.Droid\ConquerTheNetwork.Droid.csproj", "{D21824F1-2AF6-4DC1-95AB-183C8C009EFD}"
EndProject
Project("{FAE04EC0-301F-11D3-BF4B-00C04F79EFBC}") = "ConquerTheNetwork.iOS", "ConquerTheNetwork\ConquerTheNetwork.iOS\ConquerTheNetwork.iOS.csproj", "{2AA2A669-FAB5-447C-86A5-D2E487A0356C}"
EndProject
Project("{FAE04EC0-301F-11D3-BF4B-00C04F79EFBC}") = "ConquerTheNetwork.UWP", "ConquerTheNetwork\ConquerTheNetwork.UWP\ConquerTheNetwork.UWP.csproj", "{DB630F5B-D285-4FA8-9C47-EF2D4E7E6984}"
EndProject
Project("{FAE04EC0-301F-11D3-BF4B-00C04F79EFBC}") = "ConquerTheNetwork", "ConquerTheNetwork\ConquerTheNetwork\ConquerTheNetwork.csproj", "{EE4C45D5-4305-4CDC-A406-0FECEC142795}"
EndProject
Global
	GlobalSection(SolutionConfigurationPlatforms) = preSolution
		Ad-Hoc|Any CPU = Ad-Hoc|Any CPU
		Ad-Hoc|ARM = Ad-Hoc|ARM
		Ad-Hoc|iPhone = Ad-Hoc|iPhone
		Ad-Hoc|iPhoneSimulator = Ad-Hoc|iPhoneSimulator
		Ad-Hoc|x64 = Ad-Hoc|x64
		Ad-Hoc|x86 = Ad-Hoc|x86
		AppStore|Any CPU = AppStore|Any CPU
		AppStore|ARM = AppStore|ARM
		AppStore|iPhone = AppStore|iPhone
		AppStore|iPhoneSimulator = AppStore|iPhoneSimulator
		AppStore|x64 = AppStore|x64
		AppStore|x86 = AppStore|x86
		Debug|Any CPU = Debug|Any CPU
		Debug|ARM = Debug|ARM
		Debug|iPhone = Debug|iPhone
		Debug|iPhoneSimulator = Debug|iPhoneSimulator
		Debug|x64 = Debug|x64
		Debug|x86 = Debug|x86
		Release|Any CPU = Release|Any CPU
		Release|ARM = Release|ARM
		Release|iPhone = Release|iPhone
		Release|iPhoneSimulator = Release|iPhoneSimulator
		Release|x64 = Release|x64
		Release|x86 = Release|x86
	EndGlobalSection
	GlobalSection(ProjectConfigurationPlatforms) = postSolution
		{D21824F1-2AF6-4DC1-95AB-183C8C009EFD}.Ad-Hoc|Any CPU.ActiveCfg = Release|Any CPU
		{D21824F1-2AF6-4DC1-95AB-183C8C009EFD}.Ad-Hoc|Any CPU.Build.0 = Release|Any CPU
		{D21824F1-2AF6-4DC1-95AB-183C8C009EFD}.Ad-Hoc|Any CPU.Deploy.0 = Release|Any CPU
		{D21824F1-2AF6-4DC1-95AB-183C8C009EFD}.Ad-Hoc|ARM.ActiveCfg = Release|Any CPU
		{D21824F1-2AF6-4DC1-95AB-183C8C009EFD}.Ad-Hoc|ARM.Build.0 = Release|Any CPU
		{D21824F1-2AF6-4DC1-95AB-183C8C009EFD}.Ad-Hoc|ARM.Deploy.0 = Release|Any CPU
		{D21824F1-2AF6-4DC1-95AB-183C8C009EFD}.Ad-Hoc|iPhone.ActiveCfg = Release|Any CPU
		{D21824F1-2AF6-4DC1-95AB-183C8C009EFD}.Ad-Hoc|iPhone.Build.0 = Release|Any CPU
		{D21824F1-2AF6-4DC1-95AB-183C8C009EFD}.Ad-Hoc|iPhone.Deploy.0 = Release|Any CPU
		{D21824F1-2AF6-4DC1-95AB-183C8C009EFD}.Ad-Hoc|iPhoneSimulator.ActiveCfg = Release|Any CPU
		{D21824F1-2AF6-4DC1-95AB-183C8C009EFD}.Ad-Hoc|iPhoneSimulator.Build.0 = Release|Any CPU
		{D21824F1-2AF6-4DC1-95AB-183C8C009EFD}.Ad-Hoc|iPhoneSimulator.Deploy.0 = Release|Any CPU
		{D21824F1-2AF6-4DC1-95AB-183C8C009EFD}.Ad-Hoc|x64.ActiveCfg = Release|Any CPU
		{D21824F1-2AF6-4DC1-95AB-183C8C009EFD}.Ad-Hoc|x64.Build.0 = Release|Any CPU
		{D21824F1-2AF6-4DC1-95AB-183C8C009EFD}.Ad-Hoc|x64.Deploy.0 = Release|Any CPU
		{D21824F1-2AF6-4DC1-95AB-183C8C009EFD}.Ad-Hoc|x86.ActiveCfg = Release|Any CPU
		{D21824F1-2AF6-4DC1-95AB-183C8C009EFD}.Ad-Hoc|x86.Build.0 = Release|Any CPU
		{D21824F1-2AF6-4DC1-95AB-183C8C009EFD}.Ad-Hoc|x86.Deploy.0 = Release|Any CPU
		{D21824F1-2AF6-4DC1-95AB-183C8C009EFD}.AppStore|Any CPU.ActiveCfg = Release|Any CPU
		{D21824F1-2AF6-4DC1-95AB-183C8C009EFD}.AppStore|Any CPU.Build.0 = Release|Any CPU
		{D21824F1-2AF6-4DC1-95AB-183C8C009EFD}.AppStore|Any CPU.Deploy.0 = Release|Any CPU
		{D21824F1-2AF6-4DC1-95AB-183C8C009EFD}.AppStore|ARM.ActiveCfg = Release|Any CPU
		{D21824F1-2AF6-4DC1-95AB-183C8C009EFD}.AppStore|ARM.Build.0 = Release|Any CPU
		{D21824F1-2AF6-4DC1-95AB-183C8C009EFD}.AppStore|ARM.Deploy.0 = Release|Any CPU
		{D21824F1-2AF6-4DC1-95AB-183C8C009EFD}.AppStore|iPhone.ActiveCfg = Release|Any CPU
		{D21824F1-2AF6-4DC1-95AB-183C8C009EFD}.AppStore|iPhone.Build.0 = Release|Any CPU
		{D21824F1-2AF6-4DC1-95AB-183C8C009EFD}.AppStore|iPhone.Deploy.0 = Release|Any CPU
		{D21824F1-2AF6-4DC1-95AB-183C8C009EFD}.AppStore|iPhoneSimulator.ActiveCfg = Release|Any CPU
		{D21824F1-2AF6-4DC1-95AB-183C8C009EFD}.AppStore|iPhoneSimulator.Build.0 = Release|Any CPU
		{D21824F1-2AF6-4DC1-95AB-183C8C009EFD}.AppStore|iPhoneSimulator.Deploy.0 = Release|Any CPU
		{D21824F1-2AF6-4DC1-95AB-183C8C009EFD}.AppStore|x64.ActiveCfg = Release|Any CPU
		{D21824F1-2AF6-4DC1-95AB-183C8C009EFD}.AppStore|x64.Build.0 = Release|Any CPU
		{D21824F1-2AF6-4DC1-95AB-183C8C009EFD}.AppStore|x64.Deploy.0 = Release|Any CPU
		{D21824F1-2AF6-4DC1-95AB-183C8C009EFD}.AppStore|x86.ActiveCfg = Release|Any CPU
		{D21824F1-2AF6-4DC1-95AB-183C8C009EFD}.AppStore|x86.Build.0 = Release|Any CPU
		{D21824F1-2AF6-4DC1-95AB-183C8C009EFD}.AppStore|x86.Deploy.0 = Release|Any CPU
		{D21824F1-2AF6-4DC1-95AB-183C8C009EFD}.Debug|Any CPU.ActiveCfg = Debug|Any CPU
		{D21824F1-2AF6-4DC1-95AB-183C8C009EFD}.Debug|Any CPU.Build.0 = Debug|Any CPU
		{D21824F1-2AF6-4DC1-95AB-183C8C009EFD}.Debug|Any CPU.Deploy.0 = Debug|Any CPU
		{D21824F1-2AF6-4DC1-95AB-183C8C009EFD}.Debug|ARM.ActiveCfg = Debug|Any CPU
		{D21824F1-2AF6-4DC1-95AB-183C8C009EFD}.Debug|ARM.Build.0 = Debug|Any CPU
		{D21824F1-2AF6-4DC1-95AB-183C8C009EFD}.Debug|ARM.Deploy.0 = Debug|Any CPU
		{D21824F1-2AF6-4DC1-95AB-183C8C009EFD}.Debug|iPhone.ActiveCfg = Debug|Any CPU
		{D21824F1-2AF6-4DC1-95AB-183C8C009EFD}.Debug|iPhone.Build.0 = Debug|Any CPU
		{D21824F1-2AF6-4DC1-95AB-183C8C009EFD}.Debug|iPhone.Deploy.0 = Debug|Any CPU
		{D21824F1-2AF6-4DC1-95AB-183C8C009EFD}.Debug|iPhoneSimulator.ActiveCfg = Debug|Any CPU
		{D21824F1-2AF6-4DC1-95AB-183C8C009EFD}.Debug|iPhoneSimulator.Build.0 = Debug|Any CPU
		{D21824F1-2AF6-4DC1-95AB-183C8C009EFD}.Debug|iPhoneSimulator.Deploy.0 = Debug|Any CPU
		{D21824F1-2AF6-4DC1-95AB-183C8C009EFD}.Debug|x64.ActiveCfg = Debug|Any CPU
		{D21824F1-2AF6-4DC1-95AB-183C8C009EFD}.Debug|x64.Build.0 = Debug|Any CPU
		{D21824F1-2AF6-4DC1-95AB-183C8C009EFD}.Debug|x64.Deploy.0 = Debug|Any CPU
		{D21824F1-2AF6-4DC1-95AB-183C8C009EFD}.Debug|x86.ActiveCfg = Debug|Any CPU
		{D21824F1-2AF6-4DC1-95AB-183C8C009EFD}.Debug|x86.Build.0 = Debug|Any CPU
		{D21824F1-2AF6-4DC1-95AB-183C8C009EFD}.Debug|x86.Deploy.0 = Debug|Any CPU
		{D21824F1-2AF6-4DC1-95AB-183C8C009EFD}.Release|Any CPU.ActiveCfg = Release|Any CPU
		{D21824F1-2AF6-4DC1-95AB-183C8C009EFD}.Release|Any CPU.Build.0 = Release|Any CPU
		{D21824F1-2AF6-4DC1-95AB-183C8C009EFD}.Release|Any CPU.Deploy.0 = Release|Any CPU
		{D21824F1-2AF6-4DC1-95AB-183C8C009EFD}.Release|ARM.ActiveCfg = Release|Any CPU
		{D21824F1-2AF6-4DC1-95AB-183C8C009EFD}.Release|ARM.Build.0 = Release|Any CPU
		{D21824F1-2AF6-4DC1-95AB-183C8C009EFD}.Release|ARM.Deploy.0 = Release|Any CPU
		{D21824F1-2AF6-4DC1-95AB-183C8C009EFD}.Release|iPhone.ActiveCfg = Release|Any CPU
		{D21824F1-2AF6-4DC1-95AB-183C8C009EFD}.Release|iPhone.Build.0 = Release|Any CPU
		{D21824F1-2AF6-4DC1-95AB-183C8C009EFD}.Release|iPhone.Deploy.0 = Release|Any CPU
		{D21824F1-2AF6-4DC1-95AB-183C8C009EFD}.Release|iPhoneSimulator.ActiveCfg = Release|Any CPU
		{D21824F1-2AF6-4DC1-95AB-183C8C009EFD}.Release|iPhoneSimulator.Build.0 = Release|Any CPU
		{D21824F1-2AF6-4DC1-95AB-183C8C009EFD}.Release|iPhoneSimulator.Deploy.0 = Release|Any CPU
		{D21824F1-2AF6-4DC1-95AB-183C8C009EFD}.Release|x64.ActiveCfg = Release|Any CPU
		{D21824F1-2AF6-4DC1-95AB-183C8C009EFD}.Release|x64.Build.0 = Release|Any CPU
		{D21824F1-2AF6-4DC1-95AB-183C8C009EFD}.Release|x64.Deploy.0 = Release|Any CPU
		{D21824F1-2AF6-4DC1-95AB-183C8C009EFD}.Release|x86.ActiveCfg = Release|Any CPU
		{D21824F1-2AF6-4DC1-95AB-183C8C009EFD}.Release|x86.Build.0 = Release|Any CPU
		{D21824F1-2AF6-4DC1-95AB-183C8C009EFD}.Release|x86.Deploy.0 = Release|Any CPU
		{2AA2A669-FAB5-447C-86A5-D2E487A0356C}.Ad-Hoc|Any CPU.ActiveCfg = Ad-Hoc|iPhone
		{2AA2A669-FAB5-447C-86A5-D2E487A0356C}.Ad-Hoc|ARM.ActiveCfg = Ad-Hoc|iPhone
		{2AA2A669-FAB5-447C-86A5-D2E487A0356C}.Ad-Hoc|iPhone.ActiveCfg = Ad-Hoc|iPhone
		{2AA2A669-FAB5-447C-86A5-D2E487A0356C}.Ad-Hoc|iPhone.Build.0 = Ad-Hoc|iPhone
		{2AA2A669-FAB5-447C-86A5-D2E487A0356C}.Ad-Hoc|iPhoneSimulator.ActiveCfg = Ad-Hoc|iPhoneSimulator
		{2AA2A669-FAB5-447C-86A5-D2E487A0356C}.Ad-Hoc|iPhoneSimulator.Build.0 = Ad-Hoc|iPhoneSimulator
		{2AA2A669-FAB5-447C-86A5-D2E487A0356C}.Ad-Hoc|x64.ActiveCfg = Ad-Hoc|iPhone
		{2AA2A669-FAB5-447C-86A5-D2E487A0356C}.Ad-Hoc|x86.ActiveCfg = Ad-Hoc|iPhone
		{2AA2A669-FAB5-447C-86A5-D2E487A0356C}.AppStore|Any CPU.ActiveCfg = AppStore|iPhone
		{2AA2A669-FAB5-447C-86A5-D2E487A0356C}.AppStore|ARM.ActiveCfg = AppStore|iPhone
		{2AA2A669-FAB5-447C-86A5-D2E487A0356C}.AppStore|iPhone.ActiveCfg = AppStore|iPhone
		{2AA2A669-FAB5-447C-86A5-D2E487A0356C}.AppStore|iPhone.Build.0 = AppStore|iPhone
		{2AA2A669-FAB5-447C-86A5-D2E487A0356C}.AppStore|iPhoneSimulator.ActiveCfg = AppStore|iPhoneSimulator
		{2AA2A669-FAB5-447C-86A5-D2E487A0356C}.AppStore|iPhoneSimulator.Build.0 = AppStore|iPhoneSimulator
		{2AA2A669-FAB5-447C-86A5-D2E487A0356C}.AppStore|x64.ActiveCfg = AppStore|iPhone
		{2AA2A669-FAB5-447C-86A5-D2E487A0356C}.AppStore|x86.ActiveCfg = AppStore|iPhone
		{2AA2A669-FAB5-447C-86A5-D2E487A0356C}.Debug|Any CPU.ActiveCfg = Debug|iPhone
		{2AA2A669-FAB5-447C-86A5-D2E487A0356C}.Debug|ARM.ActiveCfg = Debug|iPhone
		{2AA2A669-FAB5-447C-86A5-D2E487A0356C}.Debug|iPhone.ActiveCfg = Debug|iPhone
		{2AA2A669-FAB5-447C-86A5-D2E487A0356C}.Debug|iPhone.Build.0 = Debug|iPhone
		{2AA2A669-FAB5-447C-86A5-D2E487A0356C}.Debug|iPhoneSimulator.ActiveCfg = Debug|iPhoneSimulator
		{2AA2A669-FAB5-447C-86A5-D2E487A0356C}.Debug|iPhoneSimulator.Build.0 = Debug|iPhoneSimulator
		{2AA2A669-FAB5-447C-86A5-D2E487A0356C}.Debug|x64.ActiveCfg = Debug|iPhone
		{2AA2A669-FAB5-447C-86A5-D2E487A0356C}.Debug|x86.ActiveCfg = Debug|iPhone
		{2AA2A669-FAB5-447C-86A5-D2E487A0356C}.Release|Any CPU.ActiveCfg = Release|iPhone
		{2AA2A669-FAB5-447C-86A5-D2E487A0356C}.Release|ARM.ActiveCfg = Release|iPhone
		{2AA2A669-FAB5-447C-86A5-D2E487A0356C}.Release|iPhone.ActiveCfg = Release|iPhone
		{2AA2A669-FAB5-447C-86A5-D2E487A0356C}.Release|iPhone.Build.0 = Release|iPhone
		{2AA2A669-FAB5-447C-86A5-D2E487A0356C}.Release|iPhoneSimulator.ActiveCfg = Release|iPhoneSimulator
		{2AA2A669-FAB5-447C-86A5-D2E487A0356C}.Release|iPhoneSimulator.Build.0 = Release|iPhoneSimulator
		{2AA2A669-FAB5-447C-86A5-D2E487A0356C}.Release|x64.ActiveCfg = Release|iPhone
		{2AA2A669-FAB5-447C-86A5-D2E487A0356C}.Release|x86.ActiveCfg = Release|iPhone
		{DB630F5B-D285-4FA8-9C47-EF2D4E7E6984}.Ad-Hoc|Any CPU.ActiveCfg = Release|x86
		{DB630F5B-D285-4FA8-9C47-EF2D4E7E6984}.Ad-Hoc|Any CPU.Build.0 = Release|x86
		{DB630F5B-D285-4FA8-9C47-EF2D4E7E6984}.Ad-Hoc|Any CPU.Deploy.0 = Release|x86
		{DB630F5B-D285-4FA8-9C47-EF2D4E7E6984}.Ad-Hoc|ARM.ActiveCfg = Release|ARM
		{DB630F5B-D285-4FA8-9C47-EF2D4E7E6984}.Ad-Hoc|ARM.Build.0 = Release|ARM
		{DB630F5B-D285-4FA8-9C47-EF2D4E7E6984}.Ad-Hoc|ARM.Deploy.0 = Release|ARM
		{DB630F5B-D285-4FA8-9C47-EF2D4E7E6984}.Ad-Hoc|iPhone.ActiveCfg = Release|x86
		{DB630F5B-D285-4FA8-9C47-EF2D4E7E6984}.Ad-Hoc|iPhone.Build.0 = Release|x86
		{DB630F5B-D285-4FA8-9C47-EF2D4E7E6984}.Ad-Hoc|iPhone.Deploy.0 = Release|x86
		{DB630F5B-D285-4FA8-9C47-EF2D4E7E6984}.Ad-Hoc|iPhoneSimulator.ActiveCfg = Release|x86
		{DB630F5B-D285-4FA8-9C47-EF2D4E7E6984}.Ad-Hoc|iPhoneSimulator.Build.0 = Release|x86
		{DB630F5B-D285-4FA8-9C47-EF2D4E7E6984}.Ad-Hoc|iPhoneSimulator.Deploy.0 = Release|x86
		{DB630F5B-D285-4FA8-9C47-EF2D4E7E6984}.Ad-Hoc|x64.ActiveCfg = Release|x64
		{DB630F5B-D285-4FA8-9C47-EF2D4E7E6984}.Ad-Hoc|x64.Build.0 = Release|x64
		{DB630F5B-D285-4FA8-9C47-EF2D4E7E6984}.Ad-Hoc|x64.Deploy.0 = Release|x64
		{DB630F5B-D285-4FA8-9C47-EF2D4E7E6984}.Ad-Hoc|x86.ActiveCfg = Release|x86
		{DB630F5B-D285-4FA8-9C47-EF2D4E7E6984}.Ad-Hoc|x86.Build.0 = Release|x86
		{DB630F5B-D285-4FA8-9C47-EF2D4E7E6984}.Ad-Hoc|x86.Deploy.0 = Release|x86
		{DB630F5B-D285-4FA8-9C47-EF2D4E7E6984}.AppStore|Any CPU.ActiveCfg = Release|x86
		{DB630F5B-D285-4FA8-9C47-EF2D4E7E6984}.AppStore|Any CPU.Build.0 = Release|x86
		{DB630F5B-D285-4FA8-9C47-EF2D4E7E6984}.AppStore|Any CPU.Deploy.0 = Release|x86
		{DB630F5B-D285-4FA8-9C47-EF2D4E7E6984}.AppStore|ARM.ActiveCfg = Release|ARM
		{DB630F5B-D285-4FA8-9C47-EF2D4E7E6984}.AppStore|ARM.Build.0 = Release|ARM
		{DB630F5B-D285-4FA8-9C47-EF2D4E7E6984}.AppStore|ARM.Deploy.0 = Release|ARM
		{DB630F5B-D285-4FA8-9C47-EF2D4E7E6984}.AppStore|iPhone.ActiveCfg = Release|x86
		{DB630F5B-D285-4FA8-9C47-EF2D4E7E6984}.AppStore|iPhone.Build.0 = Release|x86
		{DB630F5B-D285-4FA8-9C47-EF2D4E7E6984}.AppStore|iPhone.Deploy.0 = Release|x86
		{DB630F5B-D285-4FA8-9C47-EF2D4E7E6984}.AppStore|iPhoneSimulator.ActiveCfg = Release|x86
		{DB630F5B-D285-4FA8-9C47-EF2D4E7E6984}.AppStore|iPhoneSimulator.Build.0 = Release|x86
		{DB630F5B-D285-4FA8-9C47-EF2D4E7E6984}.AppStore|iPhoneSimulator.Deploy.0 = Release|x86
		{DB630F5B-D285-4FA8-9C47-EF2D4E7E6984}.AppStore|x64.ActiveCfg = Release|x64
		{DB630F5B-D285-4FA8-9C47-EF2D4E7E6984}.AppStore|x64.Build.0 = Release|x64
		{DB630F5B-D285-4FA8-9C47-EF2D4E7E6984}.AppStore|x64.Deploy.0 = Release|x64
		{DB630F5B-D285-4FA8-9C47-EF2D4E7E6984}.AppStore|x86.ActiveCfg = Release|x86
		{DB630F5B-D285-4FA8-9C47-EF2D4E7E6984}.AppStore|x86.Build.0 = Release|x86
		{DB630F5B-D285-4FA8-9C47-EF2D4E7E6984}.AppStore|x86.Deploy.0 = Release|x86
		{DB630F5B-D285-4FA8-9C47-EF2D4E7E6984}.Debug|Any CPU.ActiveCfg = Debug|x86
		{DB630F5B-D285-4FA8-9C47-EF2D4E7E6984}.Debug|ARM.ActiveCfg = Debug|ARM
		{DB630F5B-D285-4FA8-9C47-EF2D4E7E6984}.Debug|ARM.Build.0 = Debug|ARM
		{DB630F5B-D285-4FA8-9C47-EF2D4E7E6984}.Debug|ARM.Deploy.0 = Debug|ARM
		{DB630F5B-D285-4FA8-9C47-EF2D4E7E6984}.Debug|iPhone.ActiveCfg = Debug|x86
		{DB630F5B-D285-4FA8-9C47-EF2D4E7E6984}.Debug|iPhoneSimulator.ActiveCfg = Debug|x86
		{DB630F5B-D285-4FA8-9C47-EF2D4E7E6984}.Debug|x64.ActiveCfg = Debug|x64
		{DB630F5B-D285-4FA8-9C47-EF2D4E7E6984}.Debug|x64.Build.0 = Debug|x64
		{DB630F5B-D285-4FA8-9C47-EF2D4E7E6984}.Debug|x64.Deploy.0 = Debug|x64
		{DB630F5B-D285-4FA8-9C47-EF2D4E7E6984}.Debug|x86.ActiveCfg = Debug|x86
		{DB630F5B-D285-4FA8-9C47-EF2D4E7E6984}.Debug|x86.Build.0 = Debug|x86
		{DB630F5B-D285-4FA8-9C47-EF2D4E7E6984}.Debug|x86.Deploy.0 = Debug|x86
		{DB630F5B-D285-4FA8-9C47-EF2D4E7E6984}.Release|Any CPU.ActiveCfg = Release|x86
		{DB630F5B-D285-4FA8-9C47-EF2D4E7E6984}.Release|ARM.ActiveCfg = Release|ARM
		{DB630F5B-D285-4FA8-9C47-EF2D4E7E6984}.Release|ARM.Build.0 = Release|ARM
		{DB630F5B-D285-4FA8-9C47-EF2D4E7E6984}.Release|ARM.Deploy.0 = Release|ARM
		{DB630F5B-D285-4FA8-9C47-EF2D4E7E6984}.Release|iPhone.ActiveCfg = Release|x86
		{DB630F5B-D285-4FA8-9C47-EF2D4E7E6984}.Release|iPhoneSimulator.ActiveCfg = Release|x86
		{DB630F5B-D285-4FA8-9C47-EF2D4E7E6984}.Release|x64.ActiveCfg = Release|x64
		{DB630F5B-D285-4FA8-9C47-EF2D4E7E6984}.Release|x64.Build.0 = Release|x64
		{DB630F5B-D285-4FA8-9C47-EF2D4E7E6984}.Release|x64.Deploy.0 = Release|x64
		{DB630F5B-D285-4FA8-9C47-EF2D4E7E6984}.Release|x86.ActiveCfg = Release|x86
		{DB630F5B-D285-4FA8-9C47-EF2D4E7E6984}.Release|x86.Build.0 = Release|x86
		{DB630F5B-D285-4FA8-9C47-EF2D4E7E6984}.Release|x86.Deploy.0 = Release|x86
		{EE4C45D5-4305-4CDC-A406-0FECEC142795}.Ad-Hoc|Any CPU.ActiveCfg = Release|Any CPU
		{EE4C45D5-4305-4CDC-A406-0FECEC142795}.Ad-Hoc|Any CPU.Build.0 = Release|Any CPU
		{EE4C45D5-4305-4CDC-A406-0FECEC142795}.Ad-Hoc|ARM.ActiveCfg = Release|Any CPU
		{EE4C45D5-4305-4CDC-A406-0FECEC142795}.Ad-Hoc|ARM.Build.0 = Release|Any CPU
		{EE4C45D5-4305-4CDC-A406-0FECEC142795}.Ad-Hoc|iPhone.ActiveCfg = Release|Any CPU
		{EE4C45D5-4305-4CDC-A406-0FECEC142795}.Ad-Hoc|iPhone.Build.0 = Release|Any CPU
		{EE4C45D5-4305-4CDC-A406-0FECEC142795}.Ad-Hoc|iPhoneSimulator.ActiveCfg = Release|Any CPU
		{EE4C45D5-4305-4CDC-A406-0FECEC142795}.Ad-Hoc|iPhoneSimulator.Build.0 = Release|Any CPU
		{EE4C45D5-4305-4CDC-A406-0FECEC142795}.Ad-Hoc|x64.ActiveCfg = Release|Any CPU
		{EE4C45D5-4305-4CDC-A406-0FECEC142795}.Ad-Hoc|x64.Build.0 = Release|Any CPU
		{EE4C45D5-4305-4CDC-A406-0FECEC142795}.Ad-Hoc|x86.ActiveCfg = Release|Any CPU
		{EE4C45D5-4305-4CDC-A406-0FECEC142795}.Ad-Hoc|x86.Build.0 = Release|Any CPU
		{EE4C45D5-4305-4CDC-A406-0FECEC142795}.AppStore|Any CPU.ActiveCfg = Release|Any CPU
		{EE4C45D5-4305-4CDC-A406-0FECEC142795}.AppStore|Any CPU.Build.0 = Release|Any CPU
		{EE4C45D5-4305-4CDC-A406-0FECEC142795}.AppStore|ARM.ActiveCfg = Release|Any CPU
		{EE4C45D5-4305-4CDC-A406-0FECEC142795}.AppStore|ARM.Build.0 = Release|Any CPU
		{EE4C45D5-4305-4CDC-A406-0FECEC142795}.AppStore|iPhone.ActiveCfg = Release|Any CPU
		{EE4C45D5-4305-4CDC-A406-0FECEC142795}.AppStore|iPhone.Build.0 = Release|Any CPU
		{EE4C45D5-4305-4CDC-A406-0FECEC142795}.AppStore|iPhoneSimulator.ActiveCfg = Release|Any CPU
		{EE4C45D5-4305-4CDC-A406-0FECEC142795}.AppStore|iPhoneSimulator.Build.0 = Release|Any CPU
		{EE4C45D5-4305-4CDC-A406-0FECEC142795}.AppStore|x64.ActiveCfg = Release|Any CPU
		{EE4C45D5-4305-4CDC-A406-0FECEC142795}.AppStore|x64.Build.0 = Release|Any CPU
		{EE4C45D5-4305-4CDC-A406-0FECEC142795}.AppStore|x86.ActiveCfg = Release|Any CPU
		{EE4C45D5-4305-4CDC-A406-0FECEC142795}.AppStore|x86.Build.0 = Release|Any CPU
		{EE4C45D5-4305-4CDC-A406-0FECEC142795}.Debug|Any CPU.ActiveCfg = Debug|Any CPU
		{EE4C45D5-4305-4CDC-A406-0FECEC142795}.Debug|Any CPU.Build.0 = Debug|Any CPU
		{EE4C45D5-4305-4CDC-A406-0FECEC142795}.Debug|ARM.ActiveCfg = Debug|Any CPU
		{EE4C45D5-4305-4CDC-A406-0FECEC142795}.Debug|ARM.Build.0 = Debug|Any CPU
		{EE4C45D5-4305-4CDC-A406-0FECEC142795}.Debug|iPhone.ActiveCfg = Debug|Any CPU
		{EE4C45D5-4305-4CDC-A406-0FECEC142795}.Debug|iPhone.Build.0 = Debug|Any CPU
		{EE4C45D5-4305-4CDC-A406-0FECEC142795}.Debug|iPhoneSimulator.ActiveCfg = Debug|Any CPU
		{EE4C45D5-4305-4CDC-A406-0FECEC142795}.Debug|iPhoneSimulator.Build.0 = Debug|Any CPU
		{EE4C45D5-4305-4CDC-A406-0FECEC142795}.Debug|x64.ActiveCfg = Debug|Any CPU
		{EE4C45D5-4305-4CDC-A406-0FECEC142795}.Debug|x64.Build.0 = Debug|Any CPU
		{EE4C45D5-4305-4CDC-A406-0FECEC142795}.Debug|x86.ActiveCfg = Debug|Any CPU
		{EE4C45D5-4305-4CDC-A406-0FECEC142795}.Debug|x86.Build.0 = Debug|Any CPU
		{EE4C45D5-4305-4CDC-A406-0FECEC142795}.Release|Any CPU.ActiveCfg = Release|Any CPU
		{EE4C45D5-4305-4CDC-A406-0FECEC142795}.Release|Any CPU.Build.0 = Release|Any CPU
		{EE4C45D5-4305-4CDC-A406-0FECEC142795}.Release|ARM.ActiveCfg = Release|Any CPU
		{EE4C45D5-4305-4CDC-A406-0FECEC142795}.Release|ARM.Build.0 = Release|Any CPU
		{EE4C45D5-4305-4CDC-A406-0FECEC142795}.Release|iPhone.ActiveCfg = Release|Any CPU
		{EE4C45D5-4305-4CDC-A406-0FECEC142795}.Release|iPhone.Build.0 = Release|Any CPU
		{EE4C45D5-4305-4CDC-A406-0FECEC142795}.Release|iPhoneSimulator.ActiveCfg = Release|Any CPU
		{EE4C45D5-4305-4CDC-A406-0FECEC142795}.Release|iPhoneSimulator.Build.0 = Release|Any CPU
		{EE4C45D5-4305-4CDC-A406-0FECEC142795}.Release|x64.ActiveCfg = Release|Any CPU
		{EE4C45D5-4305-4CDC-A406-0FECEC142795}.Release|x64.Build.0 = Release|Any CPU
		{EE4C45D5-4305-4CDC-A406-0FECEC142795}.Release|x86.ActiveCfg = Release|Any CPU
		{EE4C45D5-4305-4CDC-A406-0FECEC142795}.Release|x86.Build.0 = Release|Any CPU
	EndGlobalSection
	GlobalSection(SolutionProperties) = preSolution
		HideSolutionNode = FALSE
	EndGlobalSection
EndGlobal
